<Solution>
  <Project Path="Background response/Background response.csproj" />
  <Project Path="Database access/Database access.csproj" />
  <Project Path="Document/Document.csproj" />
  <Project Path="RAG/RAG.csproj" />
  <Project Path="Skills/Skills.csproj" />
  <Project Path="Structured output/Structured output.csproj" />
  <Project Path="WebSearch/WebSearch.csproj" />
</Solution>
